schema: '2.0'
stages:
  train_model:
    cmd: python train_model.py
    deps:
    - path: train_model.py
      hash: md5
      md5: 1290f426b2c4e17effe310e18ab0c026
      size: 743
    outs:
    - path: accuracy.json
      hash: md5
      md5: 418cb0312a8b30ed8fc3c51f117c58cc
      size: 18
    - path: model.joblib
      hash: md5
      md5: dcc63a2a5bf635c81be18298f6082f58
      size: 1327
  eda:
    cmd: python eda/eda.py
    deps:
    - path: eda/eda.py
      hash: md5
      md5: e4c5ff76e1b43dc658e1a008b1f6acbb
      size: 779
    outs:
    - path: eda/iris_scatterplot.png
      hash: md5
      md5: 25f91e7c1b2df2d3a6eafde082dd604d
      size: 35169
